
Microsoft Visual Studio Solution File, Format Version 12.00
# Visual Studio Version 16
VisualStudioVersion = 16.0.30128.74
MinimumVisualStudioVersion = 10.0.40219.1
Project("{FAE04EC0-301F-11D3-BF4B-00C04F79EFBC}") = "EczaneYonetimSistemi", "EczaneYonetimSistemi\EczaneYonetimSistemi.csproj", "{C796258C-6D06-47B9-A119-3342B394BEAC}"
EndProject
Project("{54435603-DBB4-11D2-8724-00A0C9A8B90C}") = "EYS2021", "EYS2021\EYS2021.vdproj", "{EA564534-5C1B-4140-8451-F4E7FA025677}"
EndProject
Global
	GlobalSection(SolutionConfigurationPlatforms) = preSolution
		Debug|Any CPU = Debug|Any CPU
		Release|Any CPU = Release|Any CPU
	EndGlobalSection
	GlobalSection(ProjectConfigurationPlatforms) = postSolution
		{C796258C-6D06-47B9-A119-3342B394BEAC}.Debug|Any CPU.ActiveCfg = Debug|Any CPU
		{C796258C-6D06-47B9-A119-3342B394BEAC}.Debug|Any CPU.Build.0 = Debug|Any CPU
		{C796258C-6D06-47B9-A119-3342B394BEAC}.Release|Any CPU.ActiveCfg = Release|Any CPU
		{C796258C-6D06-47B9-A119-3342B394BEAC}.Release|Any CPU.Build.0 = Release|Any CPU
		{EA564534-5C1B-4140-8451-F4E7FA025677}.Debug|Any CPU.ActiveCfg = Debug
		{EA564534-5C1B-4140-8451-F4E7FA025677}.Release|Any CPU.ActiveCfg = Release
	EndGlobalSection
	GlobalSection(SolutionProperties) = preSolution
		HideSolutionNode = FALSE
	EndGlobalSection
	GlobalSection(ExtensibilityGlobals) = postSolution
		SolutionGuid = {04997BDE-C35A-48AB-A73A-3FF2DE72A57F}
	EndGlobalSection
EndGlobal
